// !$*UTF8*$!
{
	archiveVersion = 1;
	classes = {
	};
	objectVersion = 56;
	objects = {

/* Begin PBXBuildFile section */
		68C32CC42D7C11D700647D27 /* README.md in Resources */ = {isa = PBXBuildFile; fileRef = 68C32CC32D7C11CB00647D27 /* README.md */; };
		68C32CC62D7C121700647D27 /* .gitignore in Resources */ = {isa = PBXBuildFile; fileRef = 68C32CC52D7C120700647D27 /* .gitignore */; };
		68C32CC82D7C16BD00647D27 /* DataScannerView.swift in Sources */ = {isa = PBXBuildFile; fileRef = 68C32CC72D7C16BD00647D27 /* DataScannerView.swift */; };
		68C32CCA2D7C171700647D27 /* ContentView2.swift in Sources */ = {isa = PBXBuildFile; fileRef = 68C32CC92D7C171700647D27 /* ContentView2.swift */; };
		68C32CCE2D7C178000647D27 /* AppViewModel.swift in Sources */ = {isa = PBXBuildFile; fileRef = 68C32CCD2D7C178000647D27 /* AppViewModel.swift */; };
		68CED1932D4B826000409701 /* CollectionDetailView.swift in Sources */ = {isa = PBXBuildFile; fileRef = 68CED1922D4B826000409701 /* CollectionDetailView.swift */; };
		68CED1952D4B844700409701 /* BookCollection.swift in Sources */ = {isa = PBXBuildFile; fileRef = 68CED1942D4B844700409701 /* BookCollection.swift */; };
		68CED1972D4B84CF00409701 /* Book.swift in Sources */ = {isa = PBXBuildFile; fileRef = 68CED1962D4B84CF00409701 /* Book.swift */; };
		68CED1992D4B958500409701 /* AddBookView.swift in Sources */ = {isa = PBXBuildFile; fileRef = 68CED1982D4B958500409701 /* AddBookView.swift */; };
		68CED19B2D4B95DD00409701 /* ISBNScannerView.swift in Sources */ = {isa = PBXBuildFile; fileRef = 68CED19A2D4B95DD00409701 /* ISBNScannerView.swift */; };
		68CED19F2D4B98F900409701 /* BookAPI.swift in Sources */ = {isa = PBXBuildFile; fileRef = 68CED19E2D4B98F900409701 /* BookAPI.swift */; };
		68D39A202D4AF107004C16F6 /* Shelf_App_BACS488App.swift in Sources */ = {isa = PBXBuildFile; fileRef = 68D39A1F2D4AF107004C16F6 /* Shelf_App_BACS488App.swift */; };
		68D39A222D4AF107004C16F6 /* ContentView.swift in Sources */ = {isa = PBXBuildFile; fileRef = 68D39A212D4AF107004C16F6 /* ContentView.swift */; };
		68D39A242D4AF108004C16F6 /* Assets.xcassets in Resources */ = {isa = PBXBuildFile; fileRef = 68D39A232D4AF108004C16F6 /* Assets.xcassets */; };
		68D39A272D4AF108004C16F6 /* Preview Assets.xcassets in Resources */ = {isa = PBXBuildFile; fileRef = 68D39A262D4AF108004C16F6 /* Preview Assets.xcassets */; };
		68D39A292D4AF108004C16F6 /* Persistence.swift in Sources */ = {isa = PBXBuildFile; fileRef = 68D39A282D4AF108004C16F6 /* Persistence.swift */; };
		68D39A2C2D4AF108004C16F6 /* Shelf_App_BACS488.xcdatamodeld in Sources */ = {isa = PBXBuildFile; fileRef = 68D39A2A2D4AF108004C16F6 /* Shelf_App_BACS488.xcdatamodeld */; };
		68D39A392D4AF4D9004C16F6 /* LoginView.swift in Sources */ = {isa = PBXBuildFile; fileRef = 68D39A382D4AF4D9004C16F6 /* LoginView.swift */; };
		68D39A3B2D4AF4F3004C16F6 /* RegistrationView.swift in Sources */ = {isa = PBXBuildFile; fileRef = 68D39A3A2D4AF4F3004C16F6 /* RegistrationView.swift */; };
		68D39A3E2D4AF520004C16F6 /* InputView.swift in Sources */ = {isa = PBXBuildFile; fileRef = 68D39A3D2D4AF520004C16F6 /* InputView.swift */; };
		68D39A402D4AF553004C16F6 /* Shelf.App.png in Resources */ = {isa = PBXBuildFile; fileRef = 68D39A3F2D4AF553004C16F6 /* Shelf.App.png */; };
		68D39A432D4B1228004C16F6 /* ProfileView.swift in Sources */ = {isa = PBXBuildFile; fileRef = 68D39A422D4B1228004C16F6 /* ProfileView.swift */; };
		68D39A452D4B14F4004C16F6 /* SettingsRowView.swift in Sources */ = {isa = PBXBuildFile; fileRef = 68D39A442D4B14F4004C16F6 /* SettingsRowView.swift */; };
		68D39A472D4B1D27004C16F6 /* User.swift in Sources */ = {isa = PBXBuildFile; fileRef = 68D39A462D4B1D27004C16F6 /* User.swift */; };
		68D39A492D4B2A6B004C16F6 /* GoogleService-Info.plist in Resources */ = {isa = PBXBuildFile; fileRef = 68D39A482D4B2A6B004C16F6 /* GoogleService-Info.plist */; };
		68D39A4C2D4B2F12004C16F6 /* FirebaseAuth in Frameworks */ = {isa = PBXBuildFile; productRef = 68D39A4B2D4B2F12004C16F6 /* FirebaseAuth */; };
		68D39A4E2D4B2F12004C16F6 /* FirebaseFirestore in Frameworks */ = {isa = PBXBuildFile; productRef = 68D39A4D2D4B2F12004C16F6 /* FirebaseFirestore */; };
		68D39A502D4B2F12004C16F6 /* FirebaseStorage in Frameworks */ = {isa = PBXBuildFile; productRef = 68D39A4F2D4B2F12004C16F6 /* FirebaseStorage */; };
		68D39A542D4B3006004C16F6 /* AuthViewModel.swift in Sources */ = {isa = PBXBuildFile; fileRef = 68D39A532D4B3006004C16F6 /* AuthViewModel.swift */; };
		68D39A562D4B684C004C16F6 /* HomeView.swift in Sources */ = {isa = PBXBuildFile; fileRef = 68D39A552D4B684C004C16F6 /* HomeView.swift */; };
		68F43CD32D542D4B00530D26 /* Library.swift in Sources */ = {isa = PBXBuildFile; fileRef = 68F43CD22D542D4B00530D26 /* Library.swift */; };
/* End PBXBuildFile section */

/* Begin PBXFileReference section */
		68C32CC32D7C11CB00647D27 /* README.md */ = {isa = PBXFileReference; lastKnownFileType = net.daringfireball.markdown; path = README.md; sourceTree = "<group>"; };
		68C32CC52D7C120700647D27 /* .gitignore */ = {isa = PBXFileReference; lastKnownFileType = text; path = .gitignore; sourceTree = "<group>"; };
		68C32CC72D7C16BD00647D27 /* DataScannerView.swift */ = {isa = PBXFileReference; lastKnownFileType = sourcecode.swift; path = DataScannerView.swift; sourceTree = "<group>"; };
		68C32CC92D7C171700647D27 /* ContentView2.swift */ = {isa = PBXFileReference; lastKnownFileType = sourcecode.swift; path = ContentView2.swift; sourceTree = "<group>"; };
		68C32CCD2D7C178000647D27 /* AppViewModel.swift */ = {isa = PBXFileReference; lastKnownFileType = sourcecode.swift; path = AppViewModel.swift; sourceTree = "<group>"; };
		68CED1922D4B826000409701 /* CollectionDetailView.swift */ = {isa = PBXFileReference; lastKnownFileType = sourcecode.swift; path = CollectionDetailView.swift; sourceTree = "<group>"; };
		68CED1942D4B844700409701 /* BookCollection.swift */ = {isa = PBXFileReference; lastKnownFileType = sourcecode.swift; path = BookCollection.swift; sourceTree = "<group>"; };
		68CED1962D4B84CF00409701 /* Book.swift */ = {isa = PBXFileReference; lastKnownFileType = sourcecode.swift; path = Book.swift; sourceTree = "<group>"; };
		68CED1982D4B958500409701 /* AddBookView.swift */ = {isa = PBXFileReference; lastKnownFileType = sourcecode.swift; path = AddBookView.swift; sourceTree = "<group>"; };
		68CED19A2D4B95DD00409701 /* ISBNScannerView.swift */ = {isa = PBXFileReference; lastKnownFileType = sourcecode.swift; path = ISBNScannerView.swift; sourceTree = "<group>"; };
		68CED19E2D4B98F900409701 /* BookAPI.swift */ = {isa = PBXFileReference; lastKnownFileType = sourcecode.swift; path = BookAPI.swift; sourceTree = "<group>"; };
		68D39A1C2D4AF107004C16F6 /* Shelf.App.BACS488.app */ = {isa = PBXFileReference; explicitFileType = wrapper.application; includeInIndex = 0; path = Shelf.App.BACS488.app; sourceTree = BUILT_PRODUCTS_DIR; };
		68D39A1F2D4AF107004C16F6 /* Shelf_App_BACS488App.swift */ = {isa = PBXFileReference; lastKnownFileType = sourcecode.swift; path = Shelf_App_BACS488App.swift; sourceTree = "<group>"; };
		68D39A212D4AF107004C16F6 /* ContentView.swift */ = {isa = PBXFileReference; lastKnownFileType = sourcecode.swift; path = ContentView.swift; sourceTree = "<group>"; };
		68D39A232D4AF108004C16F6 /* Assets.xcassets */ = {isa = PBXFileReference; lastKnownFileType = folder.assetcatalog; path = Assets.xcassets; sourceTree = "<group>"; };
		68D39A262D4AF108004C16F6 /* Preview Assets.xcassets */ = {isa = PBXFileReference; lastKnownFileType = folder.assetcatalog; path = "Preview Assets.xcassets"; sourceTree = "<group>"; };
		68D39A282D4AF108004C16F6 /* Persistence.swift */ = {isa = PBXFileReference; lastKnownFileType = sourcecode.swift; path = Persistence.swift; sourceTree = "<group>"; };
		68D39A2B2D4AF108004C16F6 /* Shelf_App_BACS488.xcdatamodel */ = {isa = PBXFileReference; lastKnownFileType = wrapper.xcdatamodel; path = Shelf_App_BACS488.xcdatamodel; sourceTree = "<group>"; };
		68D39A382D4AF4D9004C16F6 /* LoginView.swift */ = {isa = PBXFileReference; lastKnownFileType = sourcecode.swift; path = LoginView.swift; sourceTree = "<group>"; };
		68D39A3A2D4AF4F3004C16F6 /* RegistrationView.swift */ = {isa = PBXFileReference; lastKnownFileType = sourcecode.swift; path = RegistrationView.swift; sourceTree = "<group>"; };
		68D39A3D2D4AF520004C16F6 /* InputView.swift */ = {isa = PBXFileReference; lastKnownFileType = sourcecode.swift; path = InputView.swift; sourceTree = "<group>"; };
		68D39A3F2D4AF553004C16F6 /* Shelf.App.png */ = {isa = PBXFileReference; lastKnownFileType = image.png; name = Shelf.App.png; path = ../../../../Shelf.App.png; sourceTree = "<group>"; };
		68D39A422D4B1228004C16F6 /* ProfileView.swift */ = {isa = PBXFileReference; lastKnownFileType = sourcecode.swift; path = ProfileView.swift; sourceTree = "<group>"; };
		68D39A442D4B14F4004C16F6 /* SettingsRowView.swift */ = {isa = PBXFileReference; lastKnownFileType = sourcecode.swift; path = SettingsRowView.swift; sourceTree = "<group>"; };
		68D39A462D4B1D27004C16F6 /* User.swift */ = {isa = PBXFileReference; lastKnownFileType = sourcecode.swift; path = User.swift; sourceTree = "<group>"; };
		68D39A482D4B2A6B004C16F6 /* GoogleService-Info.plist */ = {isa = PBXFileReference; fileEncoding = 4; lastKnownFileType = text.plist.xml; path = "GoogleService-Info.plist"; sourceTree = "<group>"; };
		68D39A532D4B3006004C16F6 /* AuthViewModel.swift */ = {isa = PBXFileReference; lastKnownFileType = sourcecode.swift; path = AuthViewModel.swift; sourceTree = "<group>"; };
		68D39A552D4B684C004C16F6 /* HomeView.swift */ = {isa = PBXFileReference; lastKnownFileType = sourcecode.swift; path = HomeView.swift; sourceTree = "<group>"; };
		68F43CD22D542D4B00530D26 /* Library.swift */ = {isa = PBXFileReference; lastKnownFileType = sourcecode.swift; path = Library.swift; sourceTree = "<group>"; };
/* End PBXFileReference section */

/* Begin PBXFrameworksBuildPhase section */
		68D39A192D4AF107004C16F6 /* Frameworks */ = {
			isa = PBXFrameworksBuildPhase;
			buildActionMask = 2147483647;
			files = (
				68D39A4C2D4B2F12004C16F6 /* FirebaseAuth in Frameworks */,
				68D39A4E2D4B2F12004C16F6 /* FirebaseFirestore in Frameworks */,
				68D39A502D4B2F12004C16F6 /* FirebaseStorage in Frameworks */,
			);
			runOnlyForDeploymentPostprocessing = 0;
		};
/* End PBXFrameworksBuildPhase section */

/* Begin PBXGroup section */
		68D39A132D4AF107004C16F6 = {
			isa = PBXGroup;
			children = (
				68D39A1E2D4AF107004C16F6 /* Shelf.App.BACS488 */,
				68D39A1D2D4AF107004C16F6 /* Products */,
			);
			sourceTree = "<group>";
		};
		68D39A1D2D4AF107004C16F6 /* Products */ = {
			isa = PBXGroup;
			children = (
				68D39A1C2D4AF107004C16F6 /* Shelf.App.BACS488.app */,
			);
			name = Products;
			sourceTree = "<group>";
		};
		68D39A1E2D4AF107004C16F6 /* Shelf.App.BACS488 */ = {
			isa = PBXGroup;
			children = (
				68C32CC52D7C120700647D27 /* .gitignore */,
				68C32CC32D7C11CB00647D27 /* README.md */,
				68D39A412D4AF690004C16F6 /* App */,
				68D39A3C2D4AF506004C16F6 /* Components */,
				68D39A332D4AF461004C16F6 /* Core */,
				68D39A322D4AF452004C16F6 /* Model */,
				68D39A232D4AF108004C16F6 /* Assets.xcassets */,
				68D39A482D4B2A6B004C16F6 /* GoogleService-Info.plist */,
				68D39A282D4AF108004C16F6 /* Persistence.swift */,
				68D39A2A2D4AF108004C16F6 /* Shelf_App_BACS488.xcdatamodeld */,
				68D39A252D4AF108004C16F6 /* Preview Content */,
			);
			path = Shelf.App.BACS488;
			sourceTree = "<group>";
		};
		68D39A252D4AF108004C16F6 /* Preview Content */ = {
			isa = PBXGroup;
			children = (
				68D39A262D4AF108004C16F6 /* Preview Assets.xcassets */,
				68D39A3F2D4AF553004C16F6 /* Shelf.App.png */,
			);
			path = "Preview Content";
			sourceTree = "<group>";
		};
		68D39A322D4AF452004C16F6 /* Model */ = {
			isa = PBXGroup;
			children = (
				68D39A462D4B1D27004C16F6 /* User.swift */,
				68CED1942D4B844700409701 /* BookCollection.swift */,
				68CED1962D4B84CF00409701 /* Book.swift */,
				68CED19E2D4B98F900409701 /* BookAPI.swift */,
				68F43CD22D542D4B00530D26 /* Library.swift */,
			);
			path = Model;
			sourceTree = "<group>";
		};
		68D39A332D4AF461004C16F6 /* Core */ = {
			isa = PBXGroup;
			children = (
				68D39A372D4AF4A6004C16F6 /* Root */,
				68D39A212D4AF107004C16F6 /* ContentView.swift */,
				68D39A362D4AF490004C16F6 /* Authentication */,
				68D39A352D4AF47F004C16F6 /* Profile */,
			);
			path = Core;
			sourceTree = "<group>";
		};
		68D39A352D4AF47F004C16F6 /* Profile */ = {
			isa = PBXGroup;
			children = (
				68D39A422D4B1228004C16F6 /* ProfileView.swift */,
			);
			path = Profile;
			sourceTree = "<group>";
		};
		68D39A362D4AF490004C16F6 /* Authentication */ = {
			isa = PBXGroup;
			children = (
				68D39A522D4B2F84004C16F6 /* ViewModel */,
				68D39A512D4B2F79004C16F6 /* View */,
			);
			path = Authentication;
			sourceTree = "<group>";
		};
		68D39A372D4AF4A6004C16F6 /* Root */ = {
			isa = PBXGroup;
			children = (
			);
			path = Root;
			sourceTree = "<group>";
		};
		68D39A3C2D4AF506004C16F6 /* Components */ = {
			isa = PBXGroup;
			children = (
				68C32CC92D7C171700647D27 /* ContentView2.swift */,
				68D39A3D2D4AF520004C16F6 /* InputView.swift */,
				68D39A442D4B14F4004C16F6 /* SettingsRowView.swift */,
			);
			path = Components;
			sourceTree = "<group>";
		};
		68D39A412D4AF690004C16F6 /* App */ = {
			isa = PBXGroup;
			children = (
				68D39A1F2D4AF107004C16F6 /* Shelf_App_BACS488App.swift */,
			);
			path = App;
			sourceTree = "<group>";
		};
		68D39A512D4B2F79004C16F6 /* View */ = {
			isa = PBXGroup;
			children = (
				68D39A382D4AF4D9004C16F6 /* LoginView.swift */,
				68D39A3A2D4AF4F3004C16F6 /* RegistrationView.swift */,
				68D39A552D4B684C004C16F6 /* HomeView.swift */,
				68CED1922D4B826000409701 /* CollectionDetailView.swift */,
				68CED1982D4B958500409701 /* AddBookView.swift */,
				68CED19A2D4B95DD00409701 /* ISBNScannerView.swift */,
				68C32CC72D7C16BD00647D27 /* DataScannerView.swift */,
			);
			path = View;
			sourceTree = "<group>";
		};
		68D39A522D4B2F84004C16F6 /* ViewModel */ = {
			isa = PBXGroup;
			children = (
				68D39A532D4B3006004C16F6 /* AuthViewModel.swift */,
				68C32CCD2D7C178000647D27 /* AppViewModel.swift */,
			);
			path = ViewModel;
			sourceTree = "<group>";
		};
/* End PBXGroup section */

/* Begin PBXNativeTarget section */
		68D39A1B2D4AF107004C16F6 /* Shelf.App.BACS488 */ = {
			isa = PBXNativeTarget;
			buildConfigurationList = 68D39A2F2D4AF108004C16F6 /* Build configuration list for PBXNativeTarget "Shelf.App.BACS488" */;
			buildPhases = (
				68D39A182D4AF107004C16F6 /* Sources */,
				68D39A192D4AF107004C16F6 /* Frameworks */,
				68D39A1A2D4AF107004C16F6 /* Resources */,
			);
			buildRules = (
			);
			dependencies = (
			);
			name = Shelf.App.BACS488;
			packageProductDependencies = (
				68D39A4B2D4B2F12004C16F6 /* FirebaseAuth */,
				68D39A4D2D4B2F12004C16F6 /* FirebaseFirestore */,
				68D39A4F2D4B2F12004C16F6 /* FirebaseStorage */,
			);
			productName = Shelf.App.BACS488;
			productReference = 68D39A1C2D4AF107004C16F6 /* Shelf.App.BACS488.app */;
			productType = "com.apple.product-type.application";
		};
/* End PBXNativeTarget section */

/* Begin PBXProject section */
		68D39A142D4AF107004C16F6 /* Project object */ = {
			isa = PBXProject;
			attributes = {
				BuildIndependentTargetsInParallel = 1;
				LastSwiftUpdateCheck = 1540;
				LastUpgradeCheck = 1540;
				TargetAttributes = {
					68D39A1B2D4AF107004C16F6 = {
						CreatedOnToolsVersion = 15.4;
					};
				};
			};
			buildConfigurationList = 68D39A172D4AF107004C16F6 /* Build configuration list for PBXProject "Shelf.App.BACS488" */;
			compatibilityVersion = "Xcode 14.0";
			developmentRegion = en;
			hasScannedForEncodings = 0;
			knownRegions = (
				en,
				Base,
			);
			mainGroup = 68D39A132D4AF107004C16F6;
			packageReferences = (
				68D39A4A2D4B2F12004C16F6 /* XCRemoteSwiftPackageReference "firebase-ios-sdk" */,
			);
			productRefGroup = 68D39A1D2D4AF107004C16F6 /* Products */;
			projectDirPath = "";
			projectRoot = "";
			targets = (
				68D39A1B2D4AF107004C16F6 /* Shelf.App.BACS488 */,
			);
		};
/* End PBXProject section */

/* Begin PBXResourcesBuildPhase section */
		68D39A1A2D4AF107004C16F6 /* Resources */ = {
			isa = PBXResourcesBuildPhase;
			buildActionMask = 2147483647;
			files = (
				68D39A272D4AF108004C16F6 /* Preview Assets.xcassets in Resources */,
				68D39A492D4B2A6B004C16F6 /* GoogleService-Info.plist in Resources */,
				68C32CC42D7C11D700647D27 /* README.md in Resources */,
				68D39A402D4AF553004C16F6 /* Shelf.App.png in Resources */,
				68C32CC62D7C121700647D27 /* .gitignore in Resources */,
				68D39A242D4AF108004C16F6 /* Assets.xcassets in Resources */,
			);
			runOnlyForDeploymentPostprocessing = 0;
		};
/* End PBXResourcesBuildPhase section */

/* Begin PBXSourcesBuildPhase section */
		68D39A182D4AF107004C16F6 /* Sources */ = {
			isa = PBXSourcesBuildPhase;
			buildActionMask = 2147483647;
			files = (
				68C32CCE2D7C178000647D27 /* AppViewModel.swift in Sources */,
				68D39A432D4B1228004C16F6 /* ProfileView.swift in Sources */,
				68CED19F2D4B98F900409701 /* BookAPI.swift in Sources */,
				68C32CCA2D7C171700647D27 /* ContentView2.swift in Sources */,
				68D39A2C2D4AF108004C16F6 /* Shelf_App_BACS488.xcdatamodeld in Sources */,
				68D39A3E2D4AF520004C16F6 /* InputView.swift in Sources */,
				68CED1932D4B826000409701 /* CollectionDetailView.swift in Sources */,
				68D39A292D4AF108004C16F6 /* Persistence.swift in Sources */,
				68D39A222D4AF107004C16F6 /* ContentView.swift in Sources */,
				68CED19B2D4B95DD00409701 /* ISBNScannerView.swift in Sources */,
				68D39A3B2D4AF4F3004C16F6 /* RegistrationView.swift in Sources */,
				68D39A392D4AF4D9004C16F6 /* LoginView.swift in Sources */,
				68CED1972D4B84CF00409701 /* Book.swift in Sources */,
				68C32CC82D7C16BD00647D27 /* DataScannerView.swift in Sources */,
				68D39A542D4B3006004C16F6 /* AuthViewModel.swift in Sources */,
				68D39A202D4AF107004C16F6 /* Shelf_App_BACS488App.swift in Sources */,
				68CED1992D4B958500409701 /* AddBookView.swift in Sources */,
				68D39A562D4B684C004C16F6 /* HomeView.swift in Sources */,
				68D39A472D4B1D27004C16F6 /* User.swift in Sources */,
				68F43CD32D542D4B00530D26 /* Library.swift in Sources */,
				68CED1952D4B844700409701 /* BookCollection.swift in Sources */,
				68D39A452D4B14F4004C16F6 /* SettingsRowView.swift in Sources */,
			);
			runOnlyForDeploymentPostprocessing = 0;
		};
/* End PBXSourcesBuildPhase section */

/* Begin XCBuildConfiguration section */
		68D39A2D2D4AF108004C16F6 /* Debug */ = {
			isa = XCBuildConfiguration;
			buildSettings = {
				ALWAYS_SEARCH_USER_PATHS = NO;
				ASSETCATALOG_COMPILER_GENERATE_SWIFT_ASSET_SYMBOL_EXTENSIONS = YES;
				CLANG_ANALYZER_NONNULL = YES;
				CLANG_ANALYZER_NUMBER_OBJECT_CONVERSION = YES_AGGRESSIVE;
				CLANG_CXX_LANGUAGE_STANDARD = "gnu++20";
				CLANG_ENABLE_MODULES = YES;
				CLANG_ENABLE_OBJC_ARC = YES;
				CLANG_ENABLE_OBJC_WEAK = YES;
				CLANG_WARN_BLOCK_CAPTURE_AUTORELEASING = YES;
				CLANG_WARN_BOOL_CONVERSION = YES;
				CLANG_WARN_COMMA = YES;
				CLANG_WARN_CONSTANT_CONVERSION = YES;
				CLANG_WARN_DEPRECATED_OBJC_IMPLEMENTATIONS = YES;
				CLANG_WARN_DIRECT_OBJC_ISA_USAGE = YES_ERROR;
				CLANG_WARN_DOCUMENTATION_COMMENTS = YES;
				CLANG_WARN_EMPTY_BODY = YES;
				CLANG_WARN_ENUM_CONVERSION = YES;
				CLANG_WARN_INFINITE_RECURSION = YES;
				CLANG_WARN_INT_CONVERSION = YES;
				CLANG_WARN_NON_LITERAL_NULL_CONVERSION = YES;
				CLANG_WARN_OBJC_IMPLICIT_RETAIN_SELF = YES;
				CLANG_WARN_OBJC_LITERAL_CONVERSION = YES;
				CLANG_WARN_OBJC_ROOT_CLASS = YES_ERROR;
				CLANG_WARN_QUOTED_INCLUDE_IN_FRAMEWORK_HEADER = YES;
				CLANG_WARN_RANGE_LOOP_ANALYSIS = YES;
				CLANG_WARN_STRICT_PROTOTYPES = YES;
				CLANG_WARN_SUSPICIOUS_MOVE = YES;
				CLANG_WARN_UNGUARDED_AVAILABILITY = YES_AGGRESSIVE;
				CLANG_WARN_UNREACHABLE_CODE = YES;
				CLANG_WARN__DUPLICATE_METHOD_MATCH = YES;
				COPY_PHASE_STRIP = NO;
				DEBUG_INFORMATION_FORMAT = dwarf;
				ENABLE_STRICT_OBJC_MSGSEND = YES;
				ENABLE_TESTABILITY = YES;
				ENABLE_USER_SCRIPT_SANDBOXING = YES;
				GCC_C_LANGUAGE_STANDARD = gnu17;
				GCC_DYNAMIC_NO_PIC = NO;
				GCC_NO_COMMON_BLOCKS = YES;
				GCC_OPTIMIZATION_LEVEL = 0;
				GCC_PREPROCESSOR_DEFINITIONS = (
					"DEBUG=1",
					"$(inherited)",
				);
				GCC_WARN_64_TO_32_BIT_CONVERSION = YES;
				GCC_WARN_ABOUT_RETURN_TYPE = YES_ERROR;
				GCC_WARN_UNDECLARED_SELECTOR = YES;
				GCC_WARN_UNINITIALIZED_AUTOS = YES_AGGRESSIVE;
				GCC_WARN_UNUSED_FUNCTION = YES;
				GCC_WARN_UNUSED_VARIABLE = YES;
				IPHONEOS_DEPLOYMENT_TARGET = 17.5;
				LOCALIZATION_PREFERS_STRING_CATALOGS = YES;
				MTL_ENABLE_DEBUG_INFO = INCLUDE_SOURCE;
				MTL_FAST_MATH = YES;
				ONLY_ACTIVE_ARCH = YES;
				SDKROOT = iphoneos;
				SWIFT_ACTIVE_COMPILATION_CONDITIONS = "DEBUG $(inherited)";
				SWIFT_OPTIMIZATION_LEVEL = "-Onone";
			};
			name = Debug;
		};
		68D39A2E2D4AF108004C16F6 /* Release */ = {
			isa = XCBuildConfiguration;
			buildSettings = {
				ALWAYS_SEARCH_USER_PATHS = NO;
				ASSETCATALOG_COMPILER_GENERATE_SWIFT_ASSET_SYMBOL_EXTENSIONS = YES;
				CLANG_ANALYZER_NONNULL = YES;
				CLANG_ANALYZER_NUMBER_OBJECT_CONVERSION = YES_AGGRESSIVE;
				CLANG_CXX_LANGUAGE_STANDARD = "gnu++20";
				CLANG_ENABLE_MODULES = YES;
				CLANG_ENABLE_OBJC_ARC = YES;
				CLANG_ENABLE_OBJC_WEAK = YES;
				CLANG_WARN_BLOCK_CAPTURE_AUTORELEASING = YES;
				CLANG_WARN_BOOL_CONVERSION = YES;
				CLANG_WARN_COMMA = YES;
				CLANG_WARN_CONSTANT_CONVERSION = YES;
				CLANG_WARN_DEPRECATED_OBJC_IMPLEMENTATIONS = YES;
				CLANG_WARN_DIRECT_OBJC_ISA_USAGE = YES_ERROR;
				CLANG_WARN_DOCUMENTATION_COMMENTS = YES;
				CLANG_WARN_EMPTY_BODY = YES;
				CLANG_WARN_ENUM_CONVERSION = YES;
				CLANG_WARN_INFINITE_RECURSION = YES;
				CLANG_WARN_INT_CONVERSION = YES;
				CLANG_WARN_NON_LITERAL_NULL_CONVERSION = YES;
				CLANG_WARN_OBJC_IMPLICIT_RETAIN_SELF = YES;
				CLANG_WARN_OBJC_LITERAL_CONVERSION = YES;
				CLANG_WARN_OBJC_ROOT_CLASS = YES_ERROR;
				CLANG_WARN_QUOTED_INCLUDE_IN_FRAMEWORK_HEADER = YES;
				CLANG_WARN_RANGE_LOOP_ANALYSIS = YES;
				CLANG_WARN_STRICT_PROTOTYPES = YES;
				CLANG_WARN_SUSPICIOUS_MOVE = YES;
				CLANG_WARN_UNGUARDED_AVAILABILITY = YES_AGGRESSIVE;
				CLANG_WARN_UNREACHABLE_CODE = YES;
				CLANG_WARN__DUPLICATE_METHOD_MATCH = YES;
				COPY_PHASE_STRIP = NO;
				DEBUG_INFORMATION_FORMAT = "dwarf-with-dsym";
				ENABLE_NS_ASSERTIONS = NO;
				ENABLE_STRICT_OBJC_MSGSEND = YES;
				ENABLE_USER_SCRIPT_SANDBOXING = YES;
				GCC_C_LANGUAGE_STANDARD = gnu17;
				GCC_NO_COMMON_BLOCKS = YES;
				GCC_WARN_64_TO_32_BIT_CONVERSION = YES;
				GCC_WARN_ABOUT_RETURN_TYPE = YES_ERROR;
				GCC_WARN_UNDECLARED_SELECTOR = YES;
				GCC_WARN_UNINITIALIZED_AUTOS = YES_AGGRESSIVE;
				GCC_WARN_UNUSED_FUNCTION = YES;
				GCC_WARN_UNUSED_VARIABLE = YES;
				IPHONEOS_DEPLOYMENT_TARGET = 17.5;
				LOCALIZATION_PREFERS_STRING_CATALOGS = YES;
				MTL_ENABLE_DEBUG_INFO = NO;
				MTL_FAST_MATH = YES;
				SDKROOT = iphoneos;
				SWIFT_COMPILATION_MODE = wholemodule;
				VALIDATE_PRODUCT = YES;
			};
			name = Release;
		};
		68D39A302D4AF108004C16F6 /* Debug */ = {
			isa = XCBuildConfiguration;
			buildSettings = {
				ASSETCATALOG_COMPILER_APPICON_NAME = AppIcon;
				ASSETCATALOG_COMPILER_GLOBAL_ACCENT_COLOR_NAME = AccentColor;
				CODE_SIGN_STYLE = Automatic;
				CURRENT_PROJECT_VERSION = 1;
				DEVELOPMENT_ASSET_PATHS = "\"Shelf.App.BACS488/Preview Content\"";
				DEVELOPMENT_TEAM = 3428GF3ULW;
				ENABLE_PREVIEWS = YES;
				GENERATE_INFOPLIST_FILE = YES;
				INFOPLIST_KEY_NSCameraUsageDescription = "Shelf.App.BACS488  Needs camera access to scan book ISBNs";
				INFOPLIST_KEY_NSMicrophoneUsageDescription = "$(PRODUCT_NAME) Needs the microphone, it is required for scanning functionality.";
				INFOPLIST_KEY_NSPhotoLibraryAddUsageDescription = "$(PRODUCT_NAME) We need permission to save scanned books to your library";
				INFOPLIST_KEY_NSPhotoLibraryUsageDescription = "$(PRODUCT_NAME) We need to access your photo library to add book images.";
				INFOPLIST_KEY_UIApplicationSceneManifest_Generation = YES;
				INFOPLIST_KEY_UIApplicationSupportsIndirectInputEvents = YES;
				INFOPLIST_KEY_UILaunchScreen_Generation = YES;
				INFOPLIST_KEY_UISupportedInterfaceOrientations_iPad = "UIInterfaceOrientationPortrait UIInterfaceOrientationPortraitUpsideDown UIInterfaceOrientationLandscapeLeft UIInterfaceOrientationLandscapeRight";
				INFOPLIST_KEY_UISupportedInterfaceOrientations_iPhone = "UIInterfaceOrientationPortrait UIInterfaceOrientationLandscapeLeft UIInterfaceOrientationLandscapeRight";
				LD_RUNPATH_SEARCH_PATHS = (
					"$(inherited)",
					"@executable_path/Frameworks",
				);
				MARKETING_VERSION = 1.0;
				PRODUCT_BUNDLE_IDENTIFIER = "com.ARyanRonishProduction.Shelf-App-BACS488";
				PRODUCT_NAME = "$(TARGET_NAME)";
				SWIFT_EMIT_LOC_STRINGS = YES;
				SWIFT_VERSION = 5.0;
				TARGETED_DEVICE_FAMILY = "1,2";
			};
			name = Debug;
		};
		68D39A312D4AF108004C16F6 /* Release */ = {
			isa = XCBuildConfiguration;
			buildSettings = {
				ASSETCATALOG_COMPILER_APPICON_NAME = AppIcon;
				ASSETCATALOG_COMPILER_GLOBAL_ACCENT_COLOR_NAME = AccentColor;
				CODE_SIGN_STYLE = Automatic;
				CURRENT_PROJECT_VERSION = 1;
				DEVELOPMENT_ASSET_PATHS = "\"Shelf.App.BACS488/Preview Content\"";
				DEVELOPMENT_TEAM = 3428GF3ULW;
				ENABLE_PREVIEWS = YES;
				GENERATE_INFOPLIST_FILE = YES;
				INFOPLIST_KEY_NSCameraUsageDescription = "Shelf.App.BACS488  Needs camera access to scan book ISBNs";
				INFOPLIST_KEY_NSMicrophoneUsageDescription = "$(PRODUCT_NAME) Needs the microphone, it is required for scanning functionality.";
				INFOPLIST_KEY_NSPhotoLibraryAddUsageDescription = "$(PRODUCT_NAME) We need permission to save scanned books to your library";
				INFOPLIST_KEY_NSPhotoLibraryUsageDescription = "$(PRODUCT_NAME) We need to access your photo library to add book images.";
				INFOPLIST_KEY_UIApplicationSceneManifest_Generation = YES;
				INFOPLIST_KEY_UIApplicationSupportsIndirectInputEvents = YES;
				INFOPLIST_KEY_UILaunchScreen_Generation = YES;
				INFOPLIST_KEY_UISupportedInterfaceOrientations_iPad = "UIInterfaceOrientationPortrait UIInterfaceOrientationPortraitUpsideDown UIInterfaceOrientationLandscapeLeft UIInterfaceOrientationLandscapeRight";
				INFOPLIST_KEY_UISupportedInterfaceOrientations_iPhone = "UIInterfaceOrientationPortrait UIInterfaceOrientationLandscapeLeft UIInterfaceOrientationLandscapeRight";
				LD_RUNPATH_SEARCH_PATHS = (
					"$(inherited)",
					"@executable_path/Frameworks",
				);
				MARKETING_VERSION = 1.0;
				PRODUCT_BUNDLE_IDENTIFIER = "com.ARyanRonishProduction.Shelf-App-BACS488";
				PRODUCT_NAME = "$(TARGET_NAME)";
				SWIFT_EMIT_LOC_STRINGS = YES;
				SWIFT_VERSION = 5.0;
				TARGETED_DEVICE_FAMILY = "1,2";
			};
			name = Release;
		};
/* End XCBuildConfiguration section */

/* Begin XCConfigurationList section */
		68D39A172D4AF107004C16F6 /* Build configuration list for PBXProject "Shelf.App.BACS488" */ = {
			isa = XCConfigurationList;
			buildConfigurations = (
				68D39A2D2D4AF108004C16F6 /* Debug */,
				68D39A2E2D4AF108004C16F6 /* Release */,
			);
			defaultConfigurationIsVisible = 0;
			defaultConfigurationName = Release;
		};
		68D39A2F2D4AF108004C16F6 /* Build configuration list for PBXNativeTarget "Shelf.App.BACS488" */ = {
			isa = XCConfigurationList;
			buildConfigurations = (
				68D39A302D4AF108004C16F6 /* Debug */,
				68D39A312D4AF108004C16F6 /* Release */,
			);
			defaultConfigurationIsVisible = 0;
			defaultConfigurationName = Release;
		};
/* End XCConfigurationList section */

/* Begin XCRemoteSwiftPackageReference section */
		68D39A4A2D4B2F12004C16F6 /* XCRemoteSwiftPackageReference "firebase-ios-sdk" */ = {
			isa = XCRemoteSwiftPackageReference;
			repositoryURL = "https://github.com/firebase/firebase-ios-sdk";
			requirement = {
				kind = upToNextMajorVersion;
				minimumVersion = 11.7.0;
			};
		};
/* End XCRemoteSwiftPackageReference section */

/* Begin XCSwiftPackageProductDependency section */
		68D39A4B2D4B2F12004C16F6 /* FirebaseAuth */ = {
			isa = XCSwiftPackageProductDependency;
			package = 68D39A4A2D4B2F12004C16F6 /* XCRemoteSwiftPackageReference "firebase-ios-sdk" */;
			productName = FirebaseAuth;
		};
		68D39A4D2D4B2F12004C16F6 /* FirebaseFirestore */ = {
			isa = XCSwiftPackageProductDependency;
			package = 68D39A4A2D4B2F12004C16F6 /* XCRemoteSwiftPackageReference "firebase-ios-sdk" */;
			productName = FirebaseFirestore;
		};
		68D39A4F2D4B2F12004C16F6 /* FirebaseStorage */ = {
			isa = XCSwiftPackageProductDependency;
			package = 68D39A4A2D4B2F12004C16F6 /* XCRemoteSwiftPackageReference "firebase-ios-sdk" */;
			productName = FirebaseStorage;
		};
/* End XCSwiftPackageProductDependency section */

/* Begin XCVersionGroup section */
		68D39A2A2D4AF108004C16F6 /* Shelf_App_BACS488.xcdatamodeld */ = {
			isa = XCVersionGroup;
			children = (
				68D39A2B2D4AF108004C16F6 /* Shelf_App_BACS488.xcdatamodel */,
			);
			currentVersion = 68D39A2B2D4AF108004C16F6 /* Shelf_App_BACS488.xcdatamodel */;
			path = Shelf_App_BACS488.xcdatamodeld;
			sourceTree = "<group>";
			versionGroupType = wrapper.xcdatamodel;
		};
/* End XCVersionGroup section */
	};
	rootObject = 68D39A142D4AF107004C16F6 /* Project object */;
}
